<?xml version="1.0" encoding="UTF-8"?>
<!DOCTYPE plist PUBLIC "-//Apple//DTD PLIST 1.0//EN" "http://www.apple.com/DTDs/PropertyList-1.0.dtd">
<plist version="1.0">
<dict>
	<key>archiveVersion</key>
	<string>1</string>
	<key>classes</key>
	<dict/>
	<key>objectVersion</key>
	<string>46</string>
	<key>objects</key>
	<dict>
		<key>0CED634684E00FE31910FE06</key>
		<dict>
			<key>includeInIndex</key>
			<string>1</string>
			<key>isa</key>
			<string>PBXFileReference</string>
			<key>lastKnownFileType</key>
			<string>text.xcconfig</string>
			<key>name</key>
			<string>Pods.debug.xcconfig</string>
			<key>path</key>
			<string>Pods/Target Support Files/Pods/Pods.debug.xcconfig</string>
			<key>sourceTree</key>
			<string>&lt;group&gt;</string>
		</dict>
		<key>1D8DA629F083476384DA46C6</key>
		<dict>
			<key>fileRef</key>
			<string>AFE11025EA72460699A8B0ED</string>
			<key>isa</key>
			<string>PBXBuildFile</string>
		</dict>
		<key>268224F61D23AAE5D3604451</key>
		<dict>
			<key>includeInIndex</key>
			<string>1</string>
			<key>isa</key>
			<string>PBXFileReference</string>
			<key>lastKnownFileType</key>
			<string>text.xcconfig</string>
			<key>name</key>
			<string>Pods.release.xcconfig</string>
			<key>path</key>
			<string>Pods/Target Support Files/Pods/Pods.release.xcconfig</string>
			<key>sourceTree</key>
			<string>&lt;group&gt;</string>
		</dict>
		<key>508E0262FAA2582C1FAF46FD</key>
		<dict>
			<key>buildActionMask</key>
			<string>2147483647</string>
			<key>files</key>
			<array/>
			<key>inputPaths</key>
			<array/>
			<key>isa</key>
			<string>PBXShellScriptBuildPhase</string>
			<key>name</key>
			<string>Copy Pods Resources</string>
			<key>outputPaths</key>
			<array/>
			<key>runOnlyForDeploymentPostprocessing</key>
			<string>0</string>
			<key>shellPath</key>
			<string>/bin/sh</string>
			<key>shellScript</key>
			<string>"${SRCROOT}/Pods/Target Support Files/Pods/Pods-resources.sh"
</string>
			<key>showEnvVarsInLog</key>
			<string>0</string>
		</dict>
		<key>8D9E12A47909437999F37419</key>
		<dict>
			<key>buildActionMask</key>
			<string>2147483647</string>
			<key>files</key>
			<array/>
			<key>inputPaths</key>
			<array/>
			<key>isa</key>
			<string>PBXShellScriptBuildPhase</string>
			<key>name</key>
			<string>Check Pods Manifest.lock</string>
			<key>outputPaths</key>
			<array/>
			<key>runOnlyForDeploymentPostprocessing</key>
			<string>0</string>
			<key>shellPath</key>
			<string>/bin/sh</string>
			<key>shellScript</key>
			<string>diff "${PODS_ROOT}/../Podfile.lock" "${PODS_ROOT}/Manifest.lock" &gt; /dev/null
if [[ $? != 0 ]] ; then
    cat &lt;&lt; EOM
error: The sandbox is not in sync with the Podfile.lock. Run 'pod install' or update your CocoaPods installation.
EOM
    exit 1
fi
</string>
			<key>showEnvVarsInLog</key>
			<string>0</string>
		</dict>
		<key>93646FD99B23282413DBF691</key>
		<dict>
			<key>buildActionMask</key>
			<string>2147483647</string>
			<key>files</key>
			<array/>
			<key>inputPaths</key>
			<array/>
			<key>isa</key>
			<string>PBXShellScriptBuildPhase</string>
			<key>name</key>
			<string>Check Pods Manifest.lock</string>
			<key>outputPaths</key>
			<array/>
			<key>runOnlyForDeploymentPostprocessing</key>
			<string>0</string>
			<key>shellPath</key>
			<string>/bin/sh</string>
			<key>shellScript</key>
			<string>diff "${PODS_ROOT}/../Podfile.lock" "${PODS_ROOT}/Manifest.lock" &gt; /dev/null
if [[ $? != 0 ]] ; then
    cat &lt;&lt; EOM
error: The sandbox is not in sync with the Podfile.lock. Run 'pod install' or update your CocoaPods installation.
EOM
    exit 1
fi
</string>
			<key>showEnvVarsInLog</key>
			<string>0</string>
		</dict>
		<key>AFE11025EA72460699A8B0ED</key>
		<dict>
			<key>explicitFileType</key>
			<string>archive.ar</string>
			<key>includeInIndex</key>
			<string>0</string>
			<key>isa</key>
			<string>PBXFileReference</string>
			<key>path</key>
			<string>libPods.a</string>
			<key>sourceTree</key>
			<string>BUILT_PRODUCTS_DIR</string>
		</dict>
		<key>C77A834A191193DA007F1D85</key>
		<dict>
			<key>children</key>
			<array>
				<string>C77A835C191193DA007F1D85</string>
				<string>C77A837B191193DA007F1D85</string>
				<string>C77A8355191193DA007F1D85</string>
				<string>C77A8354191193DA007F1D85</string>
				<string>F23696D70751043096379750</string>
			</array>
			<key>isa</key>
			<string>PBXGroup</string>
			<key>sourceTree</key>
			<string>&lt;group&gt;</string>
		</dict>
		<key>C77A834B191193DA007F1D85</key>
		<dict>
			<key>attributes</key>
			<dict>
				<key>LastUpgradeCheck</key>
				<string>0510</string>
				<key>ORGANIZATIONNAME</key>
				<string>Victor Baro</string>
				<key>TargetAttributes</key>
				<dict>
					<key>C77A8373191193DA007F1D85</key>
					<dict>
						<key>TestTargetID</key>
						<string>C77A8352191193DA007F1D85</string>
					</dict>
				</dict>
			</dict>
			<key>buildConfigurationList</key>
			<string>C77A834E191193DA007F1D85</string>
			<key>compatibilityVersion</key>
			<string>Xcode 3.2</string>
			<key>developmentRegion</key>
			<string>English</string>
			<key>hasScannedForEncodings</key>
			<string>0</string>
			<key>isa</key>
			<string>PBXProject</string>
			<key>knownRegions</key>
			<array>
				<string>en</string>
				<string>Base</string>
			</array>
			<key>mainGroup</key>
			<string>C77A834A191193DA007F1D85</string>
			<key>productRefGroup</key>
			<string>C77A8354191193DA007F1D85</string>
			<key>projectDirPath</key>
			<string></string>
			<key>projectReferences</key>
			<array/>
			<key>projectRoot</key>
			<string></string>
			<key>targets</key>
			<array>
				<string>C77A8352191193DA007F1D85</string>
				<string>C77A8373191193DA007F1D85</string>
			</array>
		</dict>
		<key>C77A834E191193DA007F1D85</key>
		<dict>
			<key>buildConfigurations</key>
			<array>
				<string>C77A8383191193DA007F1D85</string>
				<string>C77A8384191193DA007F1D85</string>
			</array>
			<key>defaultConfigurationIsVisible</key>
			<string>0</string>
			<key>defaultConfigurationName</key>
			<string>Release</string>
			<key>isa</key>
			<string>XCConfigurationList</string>
		</dict>
		<key>C77A834F191193DA007F1D85</key>
		<dict>
			<key>buildActionMask</key>
			<string>2147483647</string>
			<key>files</key>
			<array>
				<string>C7D3C1BF1913736C0067B448</string>
				<string>C7EB925B1915218B0058FF03</string>
				<string>C77A836D191193DA007F1D85</string>
				<string>C7EB9264191698C00058FF03</string>
				<string>C77A8367191193DA007F1D85</string>
				<string>C77A8363191193DA007F1D85</string>
				<string>C7EB926119158E370058FF03</string>
			</array>
			<key>isa</key>
			<string>PBXSourcesBuildPhase</string>
			<key>runOnlyForDeploymentPostprocessing</key>
			<string>0</string>
		</dict>
		<key>C77A8350191193DA007F1D85</key>
		<dict>
			<key>buildActionMask</key>
			<string>2147483647</string>
			<key>files</key>
			<array>
				<string>C77A8359191193DA007F1D85</string>
				<string>C77A835B191193DA007F1D85</string>
				<string>C77A8357191193DA007F1D85</string>
				<string>1D8DA629F083476384DA46C6</string>
			</array>
			<key>isa</key>
			<string>PBXFrameworksBuildPhase</string>
			<key>runOnlyForDeploymentPostprocessing</key>
			<string>0</string>
		</dict>
		<key>C77A8351191193DA007F1D85</key>
		<dict>
			<key>buildActionMask</key>
			<string>2147483647</string>
			<key>files</key>
			<array>
				<string>C77A836F191193DA007F1D85</string>
				<string>C77A8361191193DA007F1D85</string>
				<string>C77A836A191193DA007F1D85</string>
			</array>
			<key>isa</key>
			<string>PBXResourcesBuildPhase</string>
			<key>runOnlyForDeploymentPostprocessing</key>
			<string>0</string>
		</dict>
		<key>C77A8352191193DA007F1D85</key>
		<dict>
			<key>buildConfigurationList</key>
			<string>C77A8385191193DA007F1D85</string>
			<key>buildPhases</key>
			<array>
				<string>8D9E12A47909437999F37419</string>
				<string>C77A834F191193DA007F1D85</string>
				<string>C77A8350191193DA007F1D85</string>
				<string>C77A8351191193DA007F1D85</string>
				<string>F4EA63003CA745E489D1E8A3</string>
			</array>
			<key>buildRules</key>
			<array/>
			<key>dependencies</key>
			<array/>
			<key>isa</key>
			<string>PBXNativeTarget</string>
			<key>name</key>
			<string>PopPlayground</string>
			<key>productName</key>
			<string>PopPlayground</string>
			<key>productReference</key>
			<string>C77A8353191193DA007F1D85</string>
			<key>productType</key>
			<string>com.apple.product-type.application</string>
		</dict>
		<key>C77A8353191193DA007F1D85</key>
		<dict>
			<key>explicitFileType</key>
			<string>wrapper.application</string>
			<key>includeInIndex</key>
			<string>0</string>
			<key>isa</key>
			<string>PBXFileReference</string>
			<key>path</key>
			<string>PopPlayground.app</string>
			<key>sourceTree</key>
			<string>BUILT_PRODUCTS_DIR</string>
		</dict>
		<key>C77A8354191193DA007F1D85</key>
		<dict>
			<key>children</key>
			<array>
				<string>C77A8353191193DA007F1D85</string>
				<string>C77A8374191193DA007F1D85</string>
			</array>
			<key>isa</key>
			<string>PBXGroup</string>
			<key>name</key>
			<string>Products</string>
			<key>sourceTree</key>
			<string>&lt;group&gt;</string>
		</dict>
		<key>C77A8355191193DA007F1D85</key>
		<dict>
			<key>children</key>
			<array>
				<string>C77A8356191193DA007F1D85</string>
				<string>C77A8358191193DA007F1D85</string>
				<string>C77A835A191193DA007F1D85</string>
				<string>C77A8375191193DA007F1D85</string>
				<string>AFE11025EA72460699A8B0ED</string>
			</array>
			<key>isa</key>
			<string>PBXGroup</string>
			<key>name</key>
			<string>Frameworks</string>
			<key>sourceTree</key>
			<string>&lt;group&gt;</string>
		</dict>
		<key>C77A8356191193DA007F1D85</key>
		<dict>
			<key>isa</key>
			<string>PBXFileReference</string>
			<key>lastKnownFileType</key>
			<string>wrapper.framework</string>
			<key>name</key>
			<string>Foundation.framework</string>
			<key>path</key>
			<string>System/Library/Frameworks/Foundation.framework</string>
			<key>sourceTree</key>
			<string>SDKROOT</string>
		</dict>
		<key>C77A8357191193DA007F1D85</key>
		<dict>
			<key>fileRef</key>
			<string>C77A8356191193DA007F1D85</string>
			<key>isa</key>
			<string>PBXBuildFile</string>
		</dict>
		<key>C77A8358191193DA007F1D85</key>
		<dict>
			<key>isa</key>
			<string>PBXFileReference</string>
			<key>lastKnownFileType</key>
			<string>wrapper.framework</string>
			<key>name</key>
			<string>CoreGraphics.framework</string>
			<key>path</key>
			<string>System/Library/Frameworks/CoreGraphics.framework</string>
			<key>sourceTree</key>
			<string>SDKROOT</string>
		</dict>
		<key>C77A8359191193DA007F1D85</key>
		<dict>
			<key>fileRef</key>
			<string>C77A8358191193DA007F1D85</string>
			<key>isa</key>
			<string>PBXBuildFile</string>
		</dict>
		<key>C77A835A191193DA007F1D85</key>
		<dict>
			<key>isa</key>
			<string>PBXFileReference</string>
			<key>lastKnownFileType</key>
			<string>wrapper.framework</string>
			<key>name</key>
			<string>UIKit.framework</string>
			<key>path</key>
			<string>System/Library/Frameworks/UIKit.framework</string>
			<key>sourceTree</key>
			<string>SDKROOT</string>
		</dict>
		<key>C77A835B191193DA007F1D85</key>
		<dict>
			<key>fileRef</key>
			<string>C77A835A191193DA007F1D85</string>
			<key>isa</key>
			<string>PBXBuildFile</string>
		</dict>
		<key>C77A835C191193DA007F1D85</key>
		<dict>
			<key>children</key>
			<array>
				<string>C77A8365191193DA007F1D85</string>
				<string>C77A8366191193DA007F1D85</string>
				<string>C77A8368191193DA007F1D85</string>
				<string>C77A836B191193DA007F1D85</string>
				<string>C77A836C191193DA007F1D85</string>
				<string>C7D3C1BD1913736C0067B448</string>
				<string>C7D3C1BE1913736C0067B448</string>
				<string>C7EB92591915218B0058FF03</string>
				<string>C7EB925A1915218B0058FF03</string>
				<string>C7EB925F19158E370058FF03</string>
				<string>C7EB926019158E370058FF03</string>
				<string>C7EB9262191698C00058FF03</string>
				<string>C7EB9263191698C00058FF03</string>
				<string>C77A836E191193DA007F1D85</string>
				<string>C77A835D191193DA007F1D85</string>
			</array>
			<key>isa</key>
			<string>PBXGroup</string>
			<key>path</key>
			<string>PopPlayground</string>
			<key>sourceTree</key>
			<string>&lt;group&gt;</string>
		</dict>
		<key>C77A835D191193DA007F1D85</key>
		<dict>
			<key>children</key>
			<array>
				<string>C77A835E191193DA007F1D85</string>
				<string>C77A835F191193DA007F1D85</string>
				<string>C77A8362191193DA007F1D85</string>
				<string>C77A8364191193DA007F1D85</string>
			</array>
			<key>isa</key>
			<string>PBXGroup</string>
			<key>name</key>
			<string>Supporting Files</string>
			<key>sourceTree</key>
			<string>&lt;group&gt;</string>
		</dict>
		<key>C77A835E191193DA007F1D85</key>
		<dict>
			<key>isa</key>
			<string>PBXFileReference</string>
			<key>lastKnownFileType</key>
			<string>text.plist.xml</string>
			<key>path</key>
			<string>PopPlayground-Info.plist</string>
			<key>sourceTree</key>
			<string>&lt;group&gt;</string>
		</dict>
		<key>C77A835F191193DA007F1D85</key>
		<dict>
			<key>children</key>
			<array>
				<string>C77A8360191193DA007F1D85</string>
			</array>
			<key>isa</key>
			<string>PBXVariantGroup</string>
			<key>name</key>
			<string>InfoPlist.strings</string>
			<key>sourceTree</key>
			<string>&lt;group&gt;</string>
		</dict>
		<key>C77A8360191193DA007F1D85</key>
		<dict>
			<key>isa</key>
			<string>PBXFileReference</string>
			<key>lastKnownFileType</key>
			<string>text.plist.strings</string>
			<key>name</key>
			<string>en</string>
			<key>path</key>
			<string>en.lproj/InfoPlist.strings</string>
			<key>sourceTree</key>
			<string>&lt;group&gt;</string>
		</dict>
		<key>C77A8361191193DA007F1D85</key>
		<dict>
			<key>fileRef</key>
			<string>C77A835F191193DA007F1D85</string>
			<key>isa</key>
			<string>PBXBuildFile</string>
		</dict>
		<key>C77A8362191193DA007F1D85</key>
		<dict>
			<key>isa</key>
			<string>PBXFileReference</string>
			<key>lastKnownFileType</key>
			<string>sourcecode.c.objc</string>
			<key>path</key>
			<string>main.m</string>
			<key>sourceTree</key>
			<string>&lt;group&gt;</string>
		</dict>
		<key>C77A8363191193DA007F1D85</key>
		<dict>
			<key>fileRef</key>
			<string>C77A8362191193DA007F1D85</string>
			<key>isa</key>
			<string>PBXBuildFile</string>
		</dict>
		<key>C77A8364191193DA007F1D85</key>
		<dict>
			<key>isa</key>
			<string>PBXFileReference</string>
			<key>lastKnownFileType</key>
			<string>sourcecode.c.h</string>
			<key>path</key>
			<string>PopPlayground-Prefix.pch</string>
			<key>sourceTree</key>
			<string>&lt;group&gt;</string>
		</dict>
		<key>C77A8365191193DA007F1D85</key>
		<dict>
			<key>isa</key>
			<string>PBXFileReference</string>
			<key>lastKnownFileType</key>
			<string>sourcecode.c.h</string>
			<key>path</key>
			<string>AppDelegate.h</string>
			<key>sourceTree</key>
			<string>&lt;group&gt;</string>
		</dict>
		<key>C77A8366191193DA007F1D85</key>
		<dict>
			<key>isa</key>
			<string>PBXFileReference</string>
			<key>lastKnownFileType</key>
			<string>sourcecode.c.objc</string>
			<key>path</key>
			<string>AppDelegate.m</string>
			<key>sourceTree</key>
			<string>&lt;group&gt;</string>
		</dict>
		<key>C77A8367191193DA007F1D85</key>
		<dict>
			<key>fileRef</key>
			<string>C77A8366191193DA007F1D85</string>
			<key>isa</key>
			<string>PBXBuildFile</string>
		</dict>
		<key>C77A8368191193DA007F1D85</key>
		<dict>
			<key>children</key>
			<array>
				<string>C77A8369191193DA007F1D85</string>
			</array>
			<key>isa</key>
			<string>PBXVariantGroup</string>
			<key>name</key>
			<string>Main.storyboard</string>
			<key>sourceTree</key>
			<string>&lt;group&gt;</string>
		</dict>
		<key>C77A8369191193DA007F1D85</key>
		<dict>
			<key>isa</key>
			<string>PBXFileReference</string>
			<key>lastKnownFileType</key>
			<string>file.storyboard</string>
			<key>name</key>
			<string>Base</string>
			<key>path</key>
			<string>Base.lproj/Main.storyboard</string>
			<key>sourceTree</key>
			<string>&lt;group&gt;</string>
		</dict>
		<key>C77A836A191193DA007F1D85</key>
		<dict>
			<key>fileRef</key>
			<string>C77A8368191193DA007F1D85</string>
			<key>isa</key>
			<string>PBXBuildFile</string>
		</dict>
		<key>C77A836B191193DA007F1D85</key>
		<dict>
			<key>isa</key>
			<string>PBXFileReference</string>
			<key>lastKnownFileType</key>
			<string>sourcecode.c.h</string>
			<key>path</key>
			<string>ViewController.h</string>
			<key>sourceTree</key>
			<string>&lt;group&gt;</string>
		</dict>
		<key>C77A836C191193DA007F1D85</key>
		<dict>
			<key>isa</key>
			<string>PBXFileReference</string>
			<key>lastKnownFileType</key>
			<string>sourcecode.c.objc</string>
			<key>path</key>
			<string>ViewController.m</string>
			<key>sourceTree</key>
			<string>&lt;group&gt;</string>
		</dict>
		<key>C77A836D191193DA007F1D85</key>
		<dict>
			<key>fileRef</key>
			<string>C77A836C191193DA007F1D85</string>
			<key>isa</key>
			<string>PBXBuildFile</string>
		</dict>
		<key>C77A836E191193DA007F1D85</key>
		<dict>
			<key>isa</key>
			<string>PBXFileReference</string>
			<key>lastKnownFileType</key>
			<string>folder.assetcatalog</string>
			<key>path</key>
			<string>Images.xcassets</string>
			<key>sourceTree</key>
			<string>&lt;group&gt;</string>
		</dict>
		<key>C77A836F191193DA007F1D85</key>
		<dict>
			<key>fileRef</key>
			<string>C77A836E191193DA007F1D85</string>
			<key>isa</key>
			<string>PBXBuildFile</string>
		</dict>
		<key>C77A8370191193DA007F1D85</key>
		<dict>
			<key>buildActionMask</key>
			<string>2147483647</string>
			<key>files</key>
			<array>
				<string>C77A8382191193DA007F1D85</string>
			</array>
			<key>isa</key>
			<string>PBXSourcesBuildPhase</string>
			<key>runOnlyForDeploymentPostprocessing</key>
			<string>0</string>
		</dict>
		<key>C77A8371191193DA007F1D85</key>
		<dict>
			<key>buildActionMask</key>
			<string>2147483647</string>
			<key>files</key>
			<array>
				<string>C77A8376191193DA007F1D85</string>
				<string>C77A8378191193DA007F1D85</string>
				<string>C77A8377191193DA007F1D85</string>
				<string>EFA240CD8B0609DC54D27DB9</string>
			</array>
			<key>isa</key>
			<string>PBXFrameworksBuildPhase</string>
			<key>runOnlyForDeploymentPostprocessing</key>
			<string>0</string>
		</dict>
		<key>C77A8372191193DA007F1D85</key>
		<dict>
			<key>buildActionMask</key>
			<string>2147483647</string>
			<key>files</key>
			<array>
				<string>C77A8380191193DA007F1D85</string>
			</array>
			<key>isa</key>
			<string>PBXResourcesBuildPhase</string>
			<key>runOnlyForDeploymentPostprocessing</key>
			<string>0</string>
		</dict>
		<key>C77A8373191193DA007F1D85</key>
		<dict>
			<key>buildConfigurationList</key>
			<string>C77A8388191193DA007F1D85</string>
			<key>buildPhases</key>
			<array>
				<string>93646FD99B23282413DBF691</string>
				<string>C77A8370191193DA007F1D85</string>
				<string>C77A8371191193DA007F1D85</string>
				<string>C77A8372191193DA007F1D85</string>
				<string>508E0262FAA2582C1FAF46FD</string>
			</array>
			<key>buildRules</key>
			<array/>
			<key>dependencies</key>
			<array>
				<string>C77A837A191193DA007F1D85</string>
			</array>
			<key>isa</key>
			<string>PBXNativeTarget</string>
			<key>name</key>
			<string>PopPlaygroundTests</string>
			<key>productName</key>
			<string>PopPlaygroundTests</string>
			<key>productReference</key>
			<string>C77A8374191193DA007F1D85</string>
			<key>productType</key>
			<string>com.apple.product-type.bundle.unit-test</string>
		</dict>
		<key>C77A8374191193DA007F1D85</key>
		<dict>
			<key>explicitFileType</key>
			<string>wrapper.cfbundle</string>
			<key>includeInIndex</key>
			<string>0</string>
			<key>isa</key>
			<string>PBXFileReference</string>
			<key>path</key>
			<string>PopPlaygroundTests.xctest</string>
			<key>sourceTree</key>
			<string>BUILT_PRODUCTS_DIR</string>
		</dict>
		<key>C77A8375191193DA007F1D85</key>
		<dict>
			<key>isa</key>
			<string>PBXFileReference</string>
			<key>lastKnownFileType</key>
			<string>wrapper.framework</string>
			<key>name</key>
			<string>XCTest.framework</string>
			<key>path</key>
			<string>Library/Frameworks/XCTest.framework</string>
			<key>sourceTree</key>
			<string>DEVELOPER_DIR</string>
		</dict>
		<key>C77A8376191193DA007F1D85</key>
		<dict>
			<key>fileRef</key>
			<string>C77A8375191193DA007F1D85</string>
			<key>isa</key>
			<string>PBXBuildFile</string>
		</dict>
		<key>C77A8377191193DA007F1D85</key>
		<dict>
			<key>fileRef</key>
			<string>C77A8356191193DA007F1D85</string>
			<key>isa</key>
			<string>PBXBuildFile</string>
		</dict>
		<key>C77A8378191193DA007F1D85</key>
		<dict>
			<key>fileRef</key>
			<string>C77A835A191193DA007F1D85</string>
			<key>isa</key>
			<string>PBXBuildFile</string>
		</dict>
		<key>C77A8379191193DA007F1D85</key>
		<dict>
			<key>containerPortal</key>
			<string>C77A834B191193DA007F1D85</string>
			<key>isa</key>
			<string>PBXContainerItemProxy</string>
			<key>proxyType</key>
			<string>1</string>
			<key>remoteGlobalIDString</key>
			<string>C77A8352191193DA007F1D85</string>
			<key>remoteInfo</key>
			<string>PopPlayground</string>
		</dict>
		<key>C77A837A191193DA007F1D85</key>
		<dict>
			<key>isa</key>
			<string>PBXTargetDependency</string>
			<key>target</key>
			<string>C77A8352191193DA007F1D85</string>
			<key>targetProxy</key>
			<string>C77A8379191193DA007F1D85</string>
		</dict>
		<key>C77A837B191193DA007F1D85</key>
		<dict>
			<key>children</key>
			<array>
				<string>C77A8381191193DA007F1D85</string>
				<string>C77A837C191193DA007F1D85</string>
			</array>
			<key>isa</key>
			<string>PBXGroup</string>
			<key>path</key>
			<string>PopPlaygroundTests</string>
			<key>sourceTree</key>
			<string>&lt;group&gt;</string>
		</dict>
		<key>C77A837C191193DA007F1D85</key>
		<dict>
			<key>children</key>
			<array>
				<string>C77A837D191193DA007F1D85</string>
				<string>C77A837E191193DA007F1D85</string>
			</array>
			<key>isa</key>
			<string>PBXGroup</string>
			<key>name</key>
			<string>Supporting Files</string>
			<key>sourceTree</key>
			<string>&lt;group&gt;</string>
		</dict>
		<key>C77A837D191193DA007F1D85</key>
		<dict>
			<key>isa</key>
			<string>PBXFileReference</string>
			<key>lastKnownFileType</key>
			<string>text.plist.xml</string>
			<key>path</key>
			<string>PopPlaygroundTests-Info.plist</string>
			<key>sourceTree</key>
			<string>&lt;group&gt;</string>
		</dict>
		<key>C77A837E191193DA007F1D85</key>
		<dict>
			<key>children</key>
			<array>
				<string>C77A837F191193DA007F1D85</string>
			</array>
			<key>isa</key>
			<string>PBXVariantGroup</string>
			<key>name</key>
			<string>InfoPlist.strings</string>
			<key>sourceTree</key>
			<string>&lt;group&gt;</string>
		</dict>
		<key>C77A837F191193DA007F1D85</key>
		<dict>
			<key>isa</key>
			<string>PBXFileReference</string>
			<key>lastKnownFileType</key>
			<string>text.plist.strings</string>
			<key>name</key>
			<string>en</string>
			<key>path</key>
			<string>en.lproj/InfoPlist.strings</string>
			<key>sourceTree</key>
			<string>&lt;group&gt;</string>
		</dict>
		<key>C77A8380191193DA007F1D85</key>
		<dict>
			<key>fileRef</key>
			<string>C77A837E191193DA007F1D85</string>
			<key>isa</key>
			<string>PBXBuildFile</string>
		</dict>
		<key>C77A8381191193DA007F1D85</key>
		<dict>
			<key>isa</key>
			<string>PBXFileReference</string>
			<key>lastKnownFileType</key>
			<string>sourcecode.c.objc</string>
			<key>path</key>
			<string>PopPlaygroundTests.m</string>
			<key>sourceTree</key>
			<string>&lt;group&gt;</string>
		</dict>
		<key>C77A8382191193DA007F1D85</key>
		<dict>
			<key>fileRef</key>
			<string>C77A8381191193DA007F1D85</string>
			<key>isa</key>
			<string>PBXBuildFile</string>
		</dict>
		<key>C77A8383191193DA007F1D85</key>
		<dict>
			<key>buildSettings</key>
			<dict>
				<key>ALWAYS_SEARCH_USER_PATHS</key>
				<string>NO</string>
				<key>CLANG_CXX_LANGUAGE_STANDARD</key>
				<string>gnu++0x</string>
				<key>CLANG_CXX_LIBRARY</key>
				<string>libc++</string>
				<key>CLANG_ENABLE_MODULES</key>
				<string>YES</string>
				<key>CLANG_ENABLE_OBJC_ARC</key>
				<string>YES</string>
				<key>CLANG_WARN_BOOL_CONVERSION</key>
				<string>YES</string>
				<key>CLANG_WARN_CONSTANT_CONVERSION</key>
				<string>YES</string>
				<key>CLANG_WARN_DIRECT_OBJC_ISA_USAGE</key>
				<string>YES_ERROR</string>
				<key>CLANG_WARN_EMPTY_BODY</key>
				<string>YES</string>
				<key>CLANG_WARN_ENUM_CONVERSION</key>
				<string>YES</string>
				<key>CLANG_WARN_INT_CONVERSION</key>
				<string>YES</string>
				<key>CLANG_WARN_OBJC_ROOT_CLASS</key>
				<string>YES_ERROR</string>
				<key>CLANG_WARN__DUPLICATE_METHOD_MATCH</key>
				<string>YES</string>
				<key>CODE_SIGN_IDENTITY[sdk=iphoneos*]</key>
				<string>iPhone Developer</string>
				<key>COPY_PHASE_STRIP</key>
				<string>NO</string>
				<key>GCC_C_LANGUAGE_STANDARD</key>
				<string>gnu99</string>
				<key>GCC_DYNAMIC_NO_PIC</key>
				<string>NO</string>
				<key>GCC_OPTIMIZATION_LEVEL</key>
				<string>0</string>
				<key>GCC_PREPROCESSOR_DEFINITIONS</key>
				<array>
					<string>DEBUG=1</string>
					<string>$(inherited)</string>
				</array>
				<key>GCC_SYMBOLS_PRIVATE_EXTERN</key>
				<string>NO</string>
				<key>GCC_WARN_64_TO_32_BIT_CONVERSION</key>
				<string>YES</string>
				<key>GCC_WARN_ABOUT_RETURN_TYPE</key>
				<string>YES_ERROR</string>
				<key>GCC_WARN_UNDECLARED_SELECTOR</key>
				<string>YES</string>
				<key>GCC_WARN_UNINITIALIZED_AUTOS</key>
				<string>YES_AGGRESSIVE</string>
				<key>GCC_WARN_UNUSED_FUNCTION</key>
				<string>YES</string>
				<key>GCC_WARN_UNUSED_VARIABLE</key>
				<string>YES</string>
				<key>IPHONEOS_DEPLOYMENT_TARGET</key>
				<string>7.1</string>
				<key>ONLY_ACTIVE_ARCH</key>
				<string>YES</string>
				<key>SDKROOT</key>
				<string>iphoneos</string>
				<key>TARGETED_DEVICE_FAMILY</key>
				<string>2</string>
			</dict>
			<key>isa</key>
			<string>XCBuildConfiguration</string>
			<key>name</key>
			<string>Debug</string>
		</dict>
		<key>C77A8384191193DA007F1D85</key>
		<dict>
			<key>buildSettings</key>
			<dict>
				<key>ALWAYS_SEARCH_USER_PATHS</key>
				<string>NO</string>
				<key>CLANG_CXX_LANGUAGE_STANDARD</key>
				<string>gnu++0x</string>
				<key>CLANG_CXX_LIBRARY</key>
				<string>libc++</string>
				<key>CLANG_ENABLE_MODULES</key>
				<string>YES</string>
				<key>CLANG_ENABLE_OBJC_ARC</key>
				<string>YES</string>
				<key>CLANG_WARN_BOOL_CONVERSION</key>
				<string>YES</string>
				<key>CLANG_WARN_CONSTANT_CONVERSION</key>
				<string>YES</string>
				<key>CLANG_WARN_DIRECT_OBJC_ISA_USAGE</key>
				<string>YES_ERROR</string>
				<key>CLANG_WARN_EMPTY_BODY</key>
				<string>YES</string>
				<key>CLANG_WARN_ENUM_CONVERSION</key>
				<string>YES</string>
				<key>CLANG_WARN_INT_CONVERSION</key>
				<string>YES</string>
				<key>CLANG_WARN_OBJC_ROOT_CLASS</key>
				<string>YES_ERROR</string>
				<key>CLANG_WARN__DUPLICATE_METHOD_MATCH</key>
				<string>YES</string>
				<key>CODE_SIGN_IDENTITY[sdk=iphoneos*]</key>
				<string>iPhone Developer</string>
				<key>COPY_PHASE_STRIP</key>
				<string>YES</string>
				<key>ENABLE_NS_ASSERTIONS</key>
				<string>NO</string>
				<key>GCC_C_LANGUAGE_STANDARD</key>
				<string>gnu99</string>
				<key>GCC_WARN_64_TO_32_BIT_CONVERSION</key>
				<string>YES</string>
				<key>GCC_WARN_ABOUT_RETURN_TYPE</key>
				<string>YES_ERROR</string>
				<key>GCC_WARN_UNDECLARED_SELECTOR</key>
				<string>YES</string>
				<key>GCC_WARN_UNINITIALIZED_AUTOS</key>
				<string>YES_AGGRESSIVE</string>
				<key>GCC_WARN_UNUSED_FUNCTION</key>
				<string>YES</string>
				<key>GCC_WARN_UNUSED_VARIABLE</key>
				<string>YES</string>
				<key>IPHONEOS_DEPLOYMENT_TARGET</key>
				<string>7.1</string>
				<key>SDKROOT</key>
				<string>iphoneos</string>
				<key>TARGETED_DEVICE_FAMILY</key>
				<string>2</string>
				<key>VALIDATE_PRODUCT</key>
				<string>YES</string>
			</dict>
			<key>isa</key>
			<string>XCBuildConfiguration</string>
			<key>name</key>
			<string>Release</string>
		</dict>
		<key>C77A8385191193DA007F1D85</key>
		<dict>
			<key>buildConfigurations</key>
			<array>
				<string>C77A8386191193DA007F1D85</string>
				<string>C77A8387191193DA007F1D85</string>
			</array>
			<key>defaultConfigurationIsVisible</key>
			<string>0</string>
			<key>defaultConfigurationName</key>
			<string>Release</string>
			<key>isa</key>
			<string>XCConfigurationList</string>
		</dict>
		<key>C77A8386191193DA007F1D85</key>
		<dict>
			<key>baseConfigurationReference</key>
			<string>0CED634684E00FE31910FE06</string>
			<key>buildSettings</key>
			<dict>
				<key>ASSETCATALOG_COMPILER_APPICON_NAME</key>
				<string>AppIcon</string>
				<key>ASSETCATALOG_COMPILER_LAUNCHIMAGE_NAME</key>
				<string>LaunchImage</string>
				<key>GCC_PRECOMPILE_PREFIX_HEADER</key>
				<string>YES</string>
				<key>GCC_PREFIX_HEADER</key>
				<string>PopPlayground/PopPlayground-Prefix.pch</string>
				<key>INFOPLIST_FILE</key>
				<string>PopPlayground/PopPlayground-Info.plist</string>
				<key>PRODUCT_NAME</key>
				<string>$(TARGET_NAME)</string>
				<key>WRAPPER_EXTENSION</key>
				<string>app</string>
			</dict>
			<key>isa</key>
			<string>XCBuildConfiguration</string>
			<key>name</key>
			<string>Debug</string>
		</dict>
		<key>C77A8387191193DA007F1D85</key>
		<dict>
			<key>baseConfigurationReference</key>
			<string>268224F61D23AAE5D3604451</string>
			<key>buildSettings</key>
			<dict>
				<key>ASSETCATALOG_COMPILER_APPICON_NAME</key>
				<string>AppIcon</string>
				<key>ASSETCATALOG_COMPILER_LAUNCHIMAGE_NAME</key>
				<string>LaunchImage</string>
				<key>GCC_PRECOMPILE_PREFIX_HEADER</key>
				<string>YES</string>
				<key>GCC_PREFIX_HEADER</key>
				<string>PopPlayground/PopPlayground-Prefix.pch</string>
				<key>INFOPLIST_FILE</key>
				<string>PopPlayground/PopPlayground-Info.plist</string>
				<key>PRODUCT_NAME</key>
				<string>$(TARGET_NAME)</string>
				<key>WRAPPER_EXTENSION</key>
				<string>app</string>
			</dict>
			<key>isa</key>
			<string>XCBuildConfiguration</string>
			<key>name</key>
			<string>Release</string>
		</dict>
		<key>C77A8388191193DA007F1D85</key>
		<dict>
			<key>buildConfigurations</key>
			<array>
				<string>C77A8389191193DA007F1D85</string>
				<string>C77A838A191193DA007F1D85</string>
			</array>
			<key>defaultConfigurationIsVisible</key>
			<string>0</string>
			<key>defaultConfigurationName</key>
			<string>Release</string>
			<key>isa</key>
			<string>XCConfigurationList</string>
		</dict>
		<key>C77A8389191193DA007F1D85</key>
		<dict>
			<key>baseConfigurationReference</key>
			<string>0CED634684E00FE31910FE06</string>
			<key>buildSettings</key>
			<dict>
				<key>BUNDLE_LOADER</key>
				<string>$(BUILT_PRODUCTS_DIR)/PopPlayground.app/PopPlayground</string>
				<key>FRAMEWORK_SEARCH_PATHS</key>
				<array>
					<string>$(SDKROOT)/Developer/Library/Frameworks</string>
					<string>$(inherited)</string>
					<string>$(DEVELOPER_FRAMEWORKS_DIR)</string>
				</array>
				<key>GCC_PRECOMPILE_PREFIX_HEADER</key>
				<string>YES</string>
				<key>GCC_PREFIX_HEADER</key>
				<string>PopPlayground/PopPlayground-Prefix.pch</string>
				<key>GCC_PREPROCESSOR_DEFINITIONS</key>
				<array>
					<string>DEBUG=1</string>
					<string>$(inherited)</string>
				</array>
				<key>INFOPLIST_FILE</key>
				<string>PopPlaygroundTests/PopPlaygroundTests-Info.plist</string>
				<key>PRODUCT_NAME</key>
				<string>$(TARGET_NAME)</string>
				<key>TEST_HOST</key>
				<string>$(BUNDLE_LOADER)</string>
				<key>WRAPPER_EXTENSION</key>
				<string>xctest</string>
			</dict>
			<key>isa</key>
			<string>XCBuildConfiguration</string>
			<key>name</key>
			<string>Debug</string>
		</dict>
		<key>C77A838A191193DA007F1D85</key>
		<dict>
			<key>baseConfigurationReference</key>
			<string>268224F61D23AAE5D3604451</string>
			<key>buildSettings</key>
			<dict>
				<key>BUNDLE_LOADER</key>
				<string>$(BUILT_PRODUCTS_DIR)/PopPlayground.app/PopPlayground</string>
				<key>FRAMEWORK_SEARCH_PATHS</key>
				<array>
					<string>$(SDKROOT)/Developer/Library/Frameworks</string>
					<string>$(inherited)</string>
					<string>$(DEVELOPER_FRAMEWORKS_DIR)</string>
				</array>
				<key>GCC_PRECOMPILE_PREFIX_HEADER</key>
				<string>YES</string>
				<key>GCC_PREFIX_HEADER</key>
				<string>PopPlayground/PopPlayground-Prefix.pch</string>
				<key>INFOPLIST_FILE</key>
				<string>PopPlaygroundTests/PopPlaygroundTests-Info.plist</string>
				<key>PRODUCT_NAME</key>
				<string>$(TARGET_NAME)</string>
				<key>TEST_HOST</key>
				<string>$(BUNDLE_LOADER)</string>
				<key>WRAPPER_EXTENSION</key>
				<string>xctest</string>
			</dict>
			<key>isa</key>
			<string>XCBuildConfiguration</string>
			<key>name</key>
			<string>Release</string>
		</dict>
		<key>C7D3C1BD1913736C0067B448</key>
		<dict>
			<key>fileEncoding</key>
			<string>4</string>
			<key>isa</key>
			<string>PBXFileReference</string>
			<key>lastKnownFileType</key>
			<string>sourcecode.c.h</string>
			<key>path</key>
			<string>SecondViewController.h</string>
			<key>sourceTree</key>
			<string>&lt;group&gt;</string>
		</dict>
		<key>C7D3C1BE1913736C0067B448</key>
		<dict>
			<key>fileEncoding</key>
			<string>4</string>
			<key>isa</key>
			<string>PBXFileReference</string>
			<key>lastKnownFileType</key>
			<string>sourcecode.c.objc</string>
			<key>path</key>
			<string>SecondViewController.m</string>
			<key>sourceTree</key>
			<string>&lt;group&gt;</string>
		</dict>
		<key>C7D3C1BF1913736C0067B448</key>
		<dict>
			<key>fileRef</key>
			<string>C7D3C1BE1913736C0067B448</string>
			<key>isa</key>
			<string>PBXBuildFile</string>
		</dict>
		<key>C7EB92591915218B0058FF03</key>
		<dict>
			<key>fileEncoding</key>
			<string>4</string>
			<key>isa</key>
			<string>PBXFileReference</string>
			<key>lastKnownFileType</key>
			<string>sourcecode.c.h</string>
			<key>path</key>
			<string>ThirdViewController.h</string>
			<key>sourceTree</key>
			<string>&lt;group&gt;</string>
		</dict>
		<key>C7EB925A1915218B0058FF03</key>
		<dict>
			<key>fileEncoding</key>
			<string>4</string>
			<key>isa</key>
			<string>PBXFileReference</string>
			<key>lastKnownFileType</key>
			<string>sourcecode.c.objc</string>
			<key>path</key>
			<string>ThirdViewController.m</string>
			<key>sourceTree</key>
			<string>&lt;group&gt;</string>
		</dict>
		<key>C7EB925B1915218B0058FF03</key>
		<dict>
			<key>fileRef</key>
			<string>C7EB925A1915218B0058FF03</string>
			<key>isa</key>
			<string>PBXBuildFile</string>
		</dict>
		<key>C7EB925F19158E370058FF03</key>
		<dict>
			<key>fileEncoding</key>
			<string>4</string>
			<key>isa</key>
			<string>PBXFileReference</string>
			<key>lastKnownFileType</key>
			<string>sourcecode.c.h</string>
			<key>path</key>
			<string>VBFDownloadButton.h</string>
			<key>sourceTree</key>
			<string>&lt;group&gt;</string>
		</dict>
		<key>C7EB926019158E370058FF03</key>
		<dict>
			<key>fileEncoding</key>
			<string>4</string>
			<key>isa</key>
			<string>PBXFileReference</string>
			<key>lastKnownFileType</key>
			<string>sourcecode.c.objc</string>
			<key>path</key>
			<string>VBFDownloadButton.m</string>
			<key>sourceTree</key>
			<string>&lt;group&gt;</string>
		</dict>
		<key>C7EB926119158E370058FF03</key>
		<dict>
			<key>fileRef</key>
			<string>C7EB926019158E370058FF03</string>
			<key>isa</key>
			<string>PBXBuildFile</string>
		</dict>
		<key>C7EB9262191698C00058FF03</key>
		<dict>
			<key>fileEncoding</key>
			<string>4</string>
			<key>isa</key>
			<string>PBXFileReference</string>
			<key>lastKnownFileType</key>
			<string>sourcecode.c.h</string>
			<key>path</key>
			<string>VBFPopUpMenu.h</string>
			<key>sourceTree</key>
			<string>&lt;group&gt;</string>
		</dict>
		<key>C7EB9263191698C00058FF03</key>
		<dict>
			<key>fileEncoding</key>
			<string>4</string>
			<key>isa</key>
			<string>PBXFileReference</string>
			<key>lastKnownFileType</key>
			<string>sourcecode.c.objc</string>
			<key>path</key>
			<string>VBFPopUpMenu.m</string>
			<key>sourceTree</key>
			<string>&lt;group&gt;</string>
		</dict>
		<key>C7EB9264191698C00058FF03</key>
		<dict>
			<key>fileRef</key>
			<string>C7EB9263191698C00058FF03</string>
			<key>isa</key>
			<string>PBXBuildFile</string>
		</dict>
		<key>EFA240CD8B0609DC54D27DB9</key>
		<dict>
			<key>fileRef</key>
			<string>AFE11025EA72460699A8B0ED</string>
			<key>isa</key>
			<string>PBXBuildFile</string>
		</dict>
		<key>F23696D70751043096379750</key>
		<dict>
			<key>children</key>
			<array>
				<string>0CED634684E00FE31910FE06</string>
				<string>268224F61D23AAE5D3604451</string>
			</array>
			<key>isa</key>
			<string>PBXGroup</string>
			<key>name</key>
			<string>Pods</string>
			<key>sourceTree</key>
			<string>&lt;group&gt;</string>
		</dict>
		<key>F4EA63003CA745E489D1E8A3</key>
		<dict>
			<key>buildActionMask</key>
			<string>2147483647</string>
			<key>files</key>
			<array/>
			<key>inputPaths</key>
			<array/>
			<key>isa</key>
			<string>PBXShellScriptBuildPhase</string>
			<key>name</key>
			<string>Copy Pods Resources</string>
			<key>outputPaths</key>
			<array/>
			<key>runOnlyForDeploymentPostprocessing</key>
			<string>0</string>
			<key>shellPath</key>
			<string>/bin/sh</string>
			<key>shellScript</key>
			<string>"${SRCROOT}/Pods/Target Support Files/Pods/Pods-resources.sh"
</string>
			<key>showEnvVarsInLog</key>
			<string>0</string>
		</dict>
	</dict>
	<key>rootObject</key>
	<string>C77A834B191193DA007F1D85</string>
</dict>
</plist>
